
Microsoft Visual Studio Solution File, Format Version 12.00
# Visual Studio Version 17
VisualStudioVersion = 17.7.34202.233
MinimumVisualStudioVersion = 10.0.40219.1
Project("{FAE04EC0-301F-11D3-BF4B-00C04F79EFBC}") = "PIMTools.AnLNM", "PIMTools.AnLNM\PIMTools.AnLNM.csproj", "{2B16C128-FBA9-44D2-9E13-CC977F6EA218}"
EndProject
Global
	GlobalSection(SolutionConfigurationPlatforms) = preSolution
		Debug|Any CPU = Debug|Any CPU
		Release|Any CPU = Release|Any CPU
	EndGlobalSection
	GlobalSection(ProjectConfigurationPlatforms) = postSolution
		{2B16C128-FBA9-44D2-9E13-CC977F6EA218}.Debug|Any CPU.ActiveCfg = Debug|Any CPU
		{2B16C128-FBA9-44D2-9E13-CC977F6EA218}.Debug|Any CPU.Build.0 = Debug|Any CPU
		{2B16C128-FBA9-44D2-9E13-CC977F6EA218}.Release|Any CPU.ActiveCfg = Release|Any CPU
		{2B16C128-FBA9-44D2-9E13-CC977F6EA218}.Release|Any CPU.Build.0 = Release|Any CPU
	EndGlobalSection
	GlobalSection(SolutionProperties) = preSolution
		HideSolutionNode = FALSE
	EndGlobalSection
	GlobalSection(ExtensibilityGlobals) = postSolution
		SolutionGuid = {8279DDE6-96CE-43DB-B23C-78966312CA81}
	EndGlobalSection
EndGlobal
